PODS:
  - FirebaseCommunity/Core (0.1.3):
    - FirebaseCommunity/Root
    - GoogleToolboxForMac/NSData+zlib (~> 2.1)
  - FirebaseCommunity/Database (0.1.3):
    - FirebaseCommunity/Core
    - leveldb-library
  - FirebaseCommunity/Root (0.1.3)
  - FirebaseCommunity/Storage (0.1.3):
    - FirebaseCommunity/Core
    - GTMSessionFetcher/Core (~> 1.1)
  - FireRecord (0.2.0):
    - FirebaseCommunity/Database
    - FirebaseCommunity/Storage
    - HandyJSON (>= 4.0.0-beta.0)
  - GoogleToolboxForMac/Defines (2.1.1)
  - GoogleToolboxForMac/NSData+zlib (2.1.1):
    - GoogleToolboxForMac/Defines (= 2.1.1)
  - GTMSessionFetcher/Core (1.1.12)
  - HandyJSON (4.0.0-beta.1)
  - leveldb-library (1.18.3)

DEPENDENCIES:
  - FireRecord (from `../`)

EXTERNAL SOURCES:
  FireRecord:
    :path: ../

SPEC CHECKSUMS:
  FirebaseCommunity: 577bff60785dfe3fb214c8d3993477fc44286fb6
  FireRecord: 21c9c65e0019163148397566328fa28711f39434
  GoogleToolboxForMac: 8e329f1b599f2512c6b10676d45736bcc2cbbeb0
  GTMSessionFetcher: ebaa1f79a5366922c1735f1566901f50beba23b7
  HandyJSON: 428bb18e2c34c2a77361accebf90cf64e4f74118
  leveldb-library: 10fb39c39e243db4af1828441162405bbcec1404

PODFILE CHECKSUM: 40b56b7472087d7f6b3970d38cc75fcca36753d7

COCOAPODS: 1.4.0.rc.1
